<?xml version="1.0" encoding="utf-8"?>
<Project ToolsVersion="4.0" xmlns="http://schemas.microsoft.com/developer/msbuild/2003">
  <ItemGroup>
    <Filter Include="Source Files">
      <UniqueIdentifier>{4FC737F1-C7A5-4376-A066-2A32D752A2FF}</UniqueIdentifier>
      <Extensions>cpp;c;cc;cxx;def;odl;idl;hpj;bat;asm;asmx</Extensions>
    </Filter>
    <Filter Include="Header Files">
      <UniqueIdentifier>{93995380-89BD-4b04-88EB-625FBE52EBFB}</UniqueIdentifier>
      <Extensions>h;hh;hpp;hxx;hm;inl;inc;xsd</Extensions>
    </Filter>
    <Filter Include="Resource Files">
      <UniqueIdentifier>{67DA6AB6-F800-4c08-8B7A-83BB121AAD01}</UniqueIdentifier>
      <Extensions>rc;ico;cur;bmp;dlg;rc2;rct;bin;rgs;gif;jpg;jpeg;jpe;resx;tiff;tif;png;wav</Extensions>
    </Filter>
  </ItemGroup>
  <ItemGroup>
    <ClCompile Include="1095.cpp">
      <Filter>Source Files</Filter>
    </ClCompile>
    <ClCompile Include="1096.cpp">
      <Filter>Source Files</Filter>
    </ClCompile>
    <ClCompile Include="1102.cpp">
      <Filter>Source Files</Filter>
    </ClCompile>
    <ClCompile Include="1103.cpp">
      <Filter>Source Files</Filter>
    </ClCompile>
    <ClCompile Include="1218.cpp">
      <Filter>Source Files</Filter>
    </ClCompile>
    <ClCompile Include="1P2P___N.cpp">
      <Filter>Source Files</Filter>
    </ClCompile>
    <ClCompile Include="32.cpp">
      <Filter>Source Files</Filter>
    </ClCompile>
    <ClCompile Include="AscllCode.cpp">
      <Filter>Source Files</Filter>
    </ClCompile>
    <ClCompile Include="BiggerToSmall.cpp">
      <Filter>Source Files</Filter>
    </ClCompile>
    <ClCompile Include="ChengFa.cpp">
      <Filter>Source Files</Filter>
    </ClCompile>
    <ClCompile Include="ChongQingGuanYingQiao.cpp">
      <Filter>Source Files</Filter>
    </ClCompile>
    <ClCompile Include="cio.cpp">
      <Filter>Source Files</Filter>
    </ClCompile>
    <ClCompile Include="demo1.cpp">
      <Filter>Source Files</Filter>
    </ClCompile>
    <ClCompile Include="DUIQIPRINT.cpp">
      <Filter>Source Files</Filter>
    </ClCompile>
    <ClCompile Include="Frame.cpp">
      <Filter>Source Files</Filter>
    </ClCompile>
    <ClCompile Include="hello.cpp">
      <Filter>Source Files</Filter>
    </ClCompile>
    <ClCompile Include="HelloWorld.cpp">
      <Filter>Source Files</Filter>
    </ClCompile>
    <ClCompile Include="Jia.cpp">
      <Filter>Source Files</Filter>
    </ClCompile>
    <ClCompile Include="JianHuanShuJu.cpp">
      <Filter>Source Files</Filter>
    </ClCompile>
    <ClCompile Include="JiaoHuanShuZi.cpp">
      <Filter>Source Files</Filter>
    </ClCompile>
    <ClCompile Include="PINGJUNZHI.cpp">
      <Filter>Source Files</Filter>
    </ClCompile>
    <ClCompile Include="Plus.cpp">
      <Filter>Source Files</Filter>
    </ClCompile>
    <ClCompile Include="Plus1.cpp">
      <Filter>Source Files</Filter>
    </ClCompile>
    <ClCompile Include="Stones.cpp">
      <Filter>Source Files</Filter>
    </ClCompile>
    <ClCompile Include="test.cpp">
      <Filter>Source Files</Filter>
    </ClCompile>
    <ClCompile Include="testVS.cpp">
      <Filter>Source Files</Filter>
    </ClCompile>
    <ClCompile Include="Untitled3.cpp">
      <Filter>Source Files</Filter>
    </ClCompile>
    <ClCompile Include="While.cpp">
      <Filter>Source Files</Filter>
    </ClCompile>
    <ClCompile Include="XiaoMing.cpp">
      <Filter>Source Files</Filter>
    </ClCompile>
    <ClCompile Include="XiaoMingBuyBook.cpp">
      <Filter>Source Files</Filter>
    </ClCompile>
    <ClCompile Include="XiaoMing_1.cpp">
      <Filter>Source Files</Filter>
    </ClCompile>
    <ClCompile Include="未命名1.cpp">
      <Filter>Source Files</Filter>
    </ClCompile>
    <ClCompile Include="未命名18874.cpp">
      <Filter>Source Files</Filter>
    </ClCompile>
    <ClCompile Include="ChongQingJieFangGuangChang.cc">
      <Filter>Source Files</Filter>
    </ClCompile>
    <ClCompile Include="jian.cc">
      <Filter>Source Files</Filter>
    </ClCompile>
    <ClCompile Include="MianJi.cc">
      <Filter>Source Files</Filter>
    </ClCompile>
    <ClCompile Include="project2\1062.cpp">
      <Filter>Source Files</Filter>
    </ClCompile>
    <ClCompile Include="project2\源.cpp">
      <Filter>Source Files</Filter>
    </ClCompile>
  </ItemGroup>
</Project>